
Microsoft Visual Studio Solution File, Format Version 12.00
# Visual Studio Version 16
VisualStudioVersion = 16.0.30002.166
MinimumVisualStudioVersion = 10.0.40219.1
Project("{FAE04EC0-301F-11D3-BF4B-00C04F79EFBC}") = "Course_1", "Course_1\Course_1.csproj", "{4136DF55-80DA-48A6-8082-E496106436E1}"
EndProject
Global
	GlobalSection(SolutionConfigurationPlatforms) = preSolution
		Debug|Any CPU = Debug|Any CPU
		Release|Any CPU = Release|Any CPU
	EndGlobalSection
	GlobalSection(ProjectConfigurationPlatforms) = postSolution
		{4136DF55-80DA-48A6-8082-E496106436E1}.Debug|Any CPU.ActiveCfg = Debug|Any CPU
		{4136DF55-80DA-48A6-8082-E496106436E1}.Debug|Any CPU.Build.0 = Debug|Any CPU
		{4136DF55-80DA-48A6-8082-E496106436E1}.Release|Any CPU.ActiveCfg = Release|Any CPU
		{4136DF55-80DA-48A6-8082-E496106436E1}.Release|Any CPU.Build.0 = Release|Any CPU
	EndGlobalSection
	GlobalSection(SolutionProperties) = preSolution
		HideSolutionNode = FALSE
	EndGlobalSection
	GlobalSection(ExtensibilityGlobals) = postSolution
		SolutionGuid = {E3438AE2-0E76-44F8-A65E-0BFAEF7DB6DA}
	EndGlobalSection
EndGlobal
